<?xml version="1.0" encoding="utf-8"?>
<Project ToolsVersion="17.0" xmlns="http://schemas.microsoft.com/developer/msbuild/2003">
  <ItemGroup>
    <CustomBuild Include="D:\WelSimLLC-github\SPHinXsys\msbuild\CMakeFiles\db9d43569fafd4f234422d08c4f1368e\generate.stamp.rule">
      <Filter>CMake Rules</Filter>
    </CustomBuild>
  </ItemGroup>
  <ItemGroup>
    <Filter Include="CMake Rules">
      <UniqueIdentifier>{3DC1F78F-FC33-3926-8A01-49D0B89CDEF2}</UniqueIdentifier>
    </Filter>
  </ItemGroup>
</Project>
